
Microsoft Visual Studio Solution File, Format Version 12.00
# Visual Studio Version 16
VisualStudioVersion = 16.0.29424.173
MinimumVisualStudioVersion = 10.0.40219.1
Project("{9A19103F-16F7-4668-BE54-9A1E7A4F7556}") = "FileParser", "FileParser\FileParser.csproj", "{71011667-8905-4F81-8A44-EC8CA00A2409}"
EndProject
Project("{9A19103F-16F7-4668-BE54-9A1E7A4F7556}") = "Tools", "Graph\Tools.csproj", "{BB8DDE98-847B-492E-AFB0-EEF23A45901E}"
EndProject
Project("{9A19103F-16F7-4668-BE54-9A1E7A4F7556}") = "Runner", "Runner\Runner.csproj", "{B4C5D05E-A537-4150-A2EF-52708CBAAC34}"
EndProject
Project("{9A19103F-16F7-4668-BE54-9A1E7A4F7556}") = "PathFinder", "PathFinder\PathFinder.csproj", "{9C34B1D0-21DB-4B10-AFD3-C64248DFB3FB}"
EndProject
Project("{FAE04EC0-301F-11D3-BF4B-00C04F79EFBC}") = "GeneticService", "GeneticService\GeneticService.csproj", "{A084B663-25A7-40A6-ACC7-3CB56780C031}"
EndProject
Global
	GlobalSection(SolutionConfigurationPlatforms) = preSolution
		Debug|Any CPU = Debug|Any CPU
		Release|Any CPU = Release|Any CPU
	EndGlobalSection
	GlobalSection(ProjectConfigurationPlatforms) = postSolution
		{71011667-8905-4F81-8A44-EC8CA00A2409}.Debug|Any CPU.ActiveCfg = Debug|Any CPU
		{71011667-8905-4F81-8A44-EC8CA00A2409}.Debug|Any CPU.Build.0 = Debug|Any CPU
		{71011667-8905-4F81-8A44-EC8CA00A2409}.Release|Any CPU.ActiveCfg = Release|Any CPU
		{71011667-8905-4F81-8A44-EC8CA00A2409}.Release|Any CPU.Build.0 = Release|Any CPU
		{BB8DDE98-847B-492E-AFB0-EEF23A45901E}.Debug|Any CPU.ActiveCfg = Debug|Any CPU
		{BB8DDE98-847B-492E-AFB0-EEF23A45901E}.Debug|Any CPU.Build.0 = Debug|Any CPU
		{BB8DDE98-847B-492E-AFB0-EEF23A45901E}.Release|Any CPU.ActiveCfg = Release|Any CPU
		{BB8DDE98-847B-492E-AFB0-EEF23A45901E}.Release|Any CPU.Build.0 = Release|Any CPU
		{B4C5D05E-A537-4150-A2EF-52708CBAAC34}.Debug|Any CPU.ActiveCfg = Debug|Any CPU
		{B4C5D05E-A537-4150-A2EF-52708CBAAC34}.Debug|Any CPU.Build.0 = Debug|Any CPU
		{B4C5D05E-A537-4150-A2EF-52708CBAAC34}.Release|Any CPU.ActiveCfg = Release|Any CPU
		{B4C5D05E-A537-4150-A2EF-52708CBAAC34}.Release|Any CPU.Build.0 = Release|Any CPU
		{9C34B1D0-21DB-4B10-AFD3-C64248DFB3FB}.Debug|Any CPU.ActiveCfg = Debug|Any CPU
		{9C34B1D0-21DB-4B10-AFD3-C64248DFB3FB}.Debug|Any CPU.Build.0 = Debug|Any CPU
		{9C34B1D0-21DB-4B10-AFD3-C64248DFB3FB}.Release|Any CPU.ActiveCfg = Release|Any CPU
		{9C34B1D0-21DB-4B10-AFD3-C64248DFB3FB}.Release|Any CPU.Build.0 = Release|Any CPU
		{A084B663-25A7-40A6-ACC7-3CB56780C031}.Debug|Any CPU.ActiveCfg = Debug|Any CPU
		{A084B663-25A7-40A6-ACC7-3CB56780C031}.Debug|Any CPU.Build.0 = Debug|Any CPU
		{A084B663-25A7-40A6-ACC7-3CB56780C031}.Release|Any CPU.ActiveCfg = Release|Any CPU
		{A084B663-25A7-40A6-ACC7-3CB56780C031}.Release|Any CPU.Build.0 = Release|Any CPU
	EndGlobalSection
	GlobalSection(SolutionProperties) = preSolution
		HideSolutionNode = FALSE
	EndGlobalSection
	GlobalSection(ExtensibilityGlobals) = postSolution
		SolutionGuid = {CE1E4BC9-91EF-46CA-ABE3-EAB565CF85C1}
	EndGlobalSection
EndGlobal
